
Microsoft Visual Studio Solution File, Format Version 12.00
# Visual Studio Version 16
VisualStudioVersion = 16.0.29215.179
MinimumVisualStudioVersion = 10.0.40219.1
Project("{FAE04EC0-301F-11D3-BF4B-00C04F79EFBC}") = "Module.Web", "Module.Web\Module.Web.csproj", "{4E940A10-97C3-4937-8E85-7CFFBFD09750}"
EndProject
Project("{FAE04EC0-301F-11D3-BF4B-00C04F79EFBC}") = "Module.Data", "Module.Data\Module.Data.csproj", "{8B4E70B9-5EB1-4956-BBCA-4B5819E2BC6E}"
EndProject
Project("{FAE04EC0-301F-11D3-BF4B-00C04F79EFBC}") = "Module.Logic", "Module.Logic\Module.Logic.csproj", "{3C168266-20B1-4D61-BA63-F8A51CC379EE}"
EndProject
Global
	GlobalSection(SolutionConfigurationPlatforms) = preSolution
		Debug|Any CPU = Debug|Any CPU
		Release|Any CPU = Release|Any CPU
	EndGlobalSection
	GlobalSection(ProjectConfigurationPlatforms) = postSolution
		{4E940A10-97C3-4937-8E85-7CFFBFD09750}.Debug|Any CPU.ActiveCfg = Debug|Any CPU
		{4E940A10-97C3-4937-8E85-7CFFBFD09750}.Debug|Any CPU.Build.0 = Debug|Any CPU
		{4E940A10-97C3-4937-8E85-7CFFBFD09750}.Release|Any CPU.ActiveCfg = Release|Any CPU
		{4E940A10-97C3-4937-8E85-7CFFBFD09750}.Release|Any CPU.Build.0 = Release|Any CPU
		{8B4E70B9-5EB1-4956-BBCA-4B5819E2BC6E}.Debug|Any CPU.ActiveCfg = Debug|Any CPU
		{8B4E70B9-5EB1-4956-BBCA-4B5819E2BC6E}.Debug|Any CPU.Build.0 = Debug|Any CPU
		{8B4E70B9-5EB1-4956-BBCA-4B5819E2BC6E}.Release|Any CPU.ActiveCfg = Release|Any CPU
		{8B4E70B9-5EB1-4956-BBCA-4B5819E2BC6E}.Release|Any CPU.Build.0 = Release|Any CPU
		{3C168266-20B1-4D61-BA63-F8A51CC379EE}.Debug|Any CPU.ActiveCfg = Debug|Any CPU
		{3C168266-20B1-4D61-BA63-F8A51CC379EE}.Debug|Any CPU.Build.0 = Debug|Any CPU
		{3C168266-20B1-4D61-BA63-F8A51CC379EE}.Release|Any CPU.ActiveCfg = Release|Any CPU
		{3C168266-20B1-4D61-BA63-F8A51CC379EE}.Release|Any CPU.Build.0 = Release|Any CPU
	EndGlobalSection
	GlobalSection(SolutionProperties) = preSolution
		HideSolutionNode = FALSE
	EndGlobalSection
	GlobalSection(ExtensibilityGlobals) = postSolution
		SolutionGuid = {994F6A7C-2BBD-4E21-B48C-B7B14703D04B}
	EndGlobalSection
EndGlobal
